
Microsoft Visual Studio Solution File, Format Version 12.00
# Visual Studio 14
VisualStudioVersion = 14.0.25420.1
MinimumVisualStudioVersion = 10.0.40219.1
Project("{FAE04EC0-301F-11D3-BF4B-00C04F79EFBC}") = "RomanNumerals", "RomanNumerals\RomanNumerals.csproj", "{699C6E94-F286-4CBC-92B1-D2A97773EFB3}"
EndProject
Project("{FAE04EC0-301F-11D3-BF4B-00C04F79EFBC}") = "RomanNumeralsUnitTests", "RomanNumeralsUnitTests\RomanNumeralsUnitTests.csproj", "{45822BC5-B3E5-4E8E-A457-E9D10BF10B68}"
EndProject
Global
	GlobalSection(SolutionConfigurationPlatforms) = preSolution
		Debug|Any CPU = Debug|Any CPU
		Release|Any CPU = Release|Any CPU
	EndGlobalSection
	GlobalSection(ProjectConfigurationPlatforms) = postSolution
		{699C6E94-F286-4CBC-92B1-D2A97773EFB3}.Debug|Any CPU.ActiveCfg = Debug|Any CPU
		{699C6E94-F286-4CBC-92B1-D2A97773EFB3}.Debug|Any CPU.Build.0 = Debug|Any CPU
		{699C6E94-F286-4CBC-92B1-D2A97773EFB3}.Release|Any CPU.ActiveCfg = Release|Any CPU
		{699C6E94-F286-4CBC-92B1-D2A97773EFB3}.Release|Any CPU.Build.0 = Release|Any CPU
		{45822BC5-B3E5-4E8E-A457-E9D10BF10B68}.Debug|Any CPU.ActiveCfg = Debug|Any CPU
		{45822BC5-B3E5-4E8E-A457-E9D10BF10B68}.Debug|Any CPU.Build.0 = Debug|Any CPU
		{45822BC5-B3E5-4E8E-A457-E9D10BF10B68}.Release|Any CPU.ActiveCfg = Release|Any CPU
		{45822BC5-B3E5-4E8E-A457-E9D10BF10B68}.Release|Any CPU.Build.0 = Release|Any CPU
	EndGlobalSection
	GlobalSection(SolutionProperties) = preSolution
		HideSolutionNode = FALSE
	EndGlobalSection
EndGlobal
